
Microsoft Visual Studio Solution File, Format Version 12.00
# Visual Studio Version 17
VisualStudioVersion = 17.14.36414.22 d17.14
MinimumVisualStudioVersion = 10.0.40219.1
Project("{2150E333-8FDC-42A3-9474-1A3956D46DE8}") = "Src", "Src", "{02EA681E-C7D8-13C7-8484-4AC65E1B71E8}"
EndProject
Project("{FAE04EC0-301F-11D3-BF4B-00C04F79EFBC}") = "Ecom.Core", "Ecom.Core\Ecom.Core.csproj", "{5A64EC37-4730-4828-A664-4307D2F2367B}"
EndProject
Project("{FAE04EC0-301F-11D3-BF4B-00C04F79EFBC}") = "Ecom.Infrastructure", "Ecom.Infrastructure\Ecom.Infrastructure.csproj", "{95440C73-CC64-430E-B543-3CFD3E196937}"
EndProject
Project("{FAE04EC0-301F-11D3-BF4B-00C04F79EFBC}") = "Ecom.API", "Ecom.API\Ecom.API.csproj", "{968ACDC4-730F-4DA6-B043-FCAC6E1648CA}"
EndProject
Global
	GlobalSection(SolutionConfigurationPlatforms) = preSolution
		Debug|Any CPU = Debug|Any CPU
		Release|Any CPU = Release|Any CPU
	EndGlobalSection
	GlobalSection(ProjectConfigurationPlatforms) = postSolution
		{5A64EC37-4730-4828-A664-4307D2F2367B}.Debug|Any CPU.ActiveCfg = Debug|Any CPU
		{5A64EC37-4730-4828-A664-4307D2F2367B}.Debug|Any CPU.Build.0 = Debug|Any CPU
		{5A64EC37-4730-4828-A664-4307D2F2367B}.Release|Any CPU.ActiveCfg = Release|Any CPU
		{5A64EC37-4730-4828-A664-4307D2F2367B}.Release|Any CPU.Build.0 = Release|Any CPU
		{95440C73-CC64-430E-B543-3CFD3E196937}.Debug|Any CPU.ActiveCfg = Debug|Any CPU
		{95440C73-CC64-430E-B543-3CFD3E196937}.Debug|Any CPU.Build.0 = Debug|Any CPU
		{95440C73-CC64-430E-B543-3CFD3E196937}.Release|Any CPU.ActiveCfg = Release|Any CPU
		{95440C73-CC64-430E-B543-3CFD3E196937}.Release|Any CPU.Build.0 = Release|Any CPU
		{968ACDC4-730F-4DA6-B043-FCAC6E1648CA}.Debug|Any CPU.ActiveCfg = Debug|Any CPU
		{968ACDC4-730F-4DA6-B043-FCAC6E1648CA}.Debug|Any CPU.Build.0 = Debug|Any CPU
		{968ACDC4-730F-4DA6-B043-FCAC6E1648CA}.Release|Any CPU.ActiveCfg = Release|Any CPU
		{968ACDC4-730F-4DA6-B043-FCAC6E1648CA}.Release|Any CPU.Build.0 = Release|Any CPU
	EndGlobalSection
	GlobalSection(SolutionProperties) = preSolution
		HideSolutionNode = FALSE
	EndGlobalSection
	GlobalSection(NestedProjects) = preSolution
		{5A64EC37-4730-4828-A664-4307D2F2367B} = {02EA681E-C7D8-13C7-8484-4AC65E1B71E8}
		{95440C73-CC64-430E-B543-3CFD3E196937} = {02EA681E-C7D8-13C7-8484-4AC65E1B71E8}
		{968ACDC4-730F-4DA6-B043-FCAC6E1648CA} = {02EA681E-C7D8-13C7-8484-4AC65E1B71E8}
	EndGlobalSection
	GlobalSection(ExtensibilityGlobals) = postSolution
		SolutionGuid = {359525FF-EC29-4F6B-90B4-3CCA35F0DD13}
	EndGlobalSection
EndGlobal
